// !$*UTF8*$!
{
	archiveVersion = 1;
	classes = {
	};
	objectVersion = 50;
	objects = {

/* Begin PBXBuildFile section */
		30070D022396B8460095CC96 /* AppDelegate.swift in Sources */ = {isa = PBXBuildFile; fileRef = 30070D012396B8460095CC96 /* AppDelegate.swift */; };
		30070D042396B8460095CC96 /* SceneDelegate.swift in Sources */ = {isa = PBXBuildFile; fileRef = 30070D032396B8460095CC96 /* SceneDelegate.swift */; };
		30070D062396B8460095CC96 /* MapViewController.swift in Sources */ = {isa = PBXBuildFile; fileRef = 30070D052396B8460095CC96 /* MapViewController.swift */; };
		30070D092396B8460095CC96 /* Main.storyboard in Resources */ = {isa = PBXBuildFile; fileRef = 30070D072396B8460095CC96 /* Main.storyboard */; };
		30070D0C2396B8460095CC96 /* Virtual_Tourist.xcdatamodeld in Sources */ = {isa = PBXBuildFile; fileRef = 30070D0A2396B8460095CC96 /* Virtual_Tourist.xcdatamodeld */; };
		30070D0E2396B8480095CC96 /* Assets.xcassets in Resources */ = {isa = PBXBuildFile; fileRef = 30070D0D2396B8480095CC96 /* Assets.xcassets */; };
		30070D112396B8480095CC96 /* LaunchScreen.storyboard in Resources */ = {isa = PBXBuildFile; fileRef = 30070D0F2396B8480095CC96 /* LaunchScreen.storyboard */; };
		30A33DD823B85044002FF413 /* extension.swift in Sources */ = {isa = PBXBuildFile; fileRef = 30A33DD723B85044002FF413 /* extension.swift */; };
		30D8FFA0239E68D500FD4846 /* ShowPhotosViewController.swift in Sources */ = {isa = PBXBuildFile; fileRef = 30D8FF9F239E68D500FD4846 /* ShowPhotosViewController.swift */; };
		30D8FFA223A03FFA00FD4846 /* Api.swift in Sources */ = {isa = PBXBuildFile; fileRef = 30D8FFA123A03FFA00FD4846 /* Api.swift */; };
		30D8FFA423A0404800FD4846 /* PhotoResponse.swift in Sources */ = {isa = PBXBuildFile; fileRef = 30D8FFA323A0404800FD4846 /* PhotoResponse.swift */; };
		30D8FFAA23A0432E00FD4846 /* ImageCollectionViewCell.swift in Sources */ = {isa = PBXBuildFile; fileRef = 30D8FFA923A0432E00FD4846 /* ImageCollectionViewCell.swift */; };
/* End PBXBuildFile section */

/* Begin PBXFileReference section */
		30070CFE2396B8460095CC96 /* Virtual Tourist.app */ = {isa = PBXFileReference; explicitFileType = wrapper.application; includeInIndex = 0; path = "Virtual Tourist.app"; sourceTree = BUILT_PRODUCTS_DIR; };
		30070D012396B8460095CC96 /* AppDelegate.swift */ = {isa = PBXFileReference; lastKnownFileType = sourcecode.swift; path = AppDelegate.swift; sourceTree = "<group>"; };
		30070D032396B8460095CC96 /* SceneDelegate.swift */ = {isa = PBXFileReference; lastKnownFileType = sourcecode.swift; path = SceneDelegate.swift; sourceTree = "<group>"; };
		30070D052396B8460095CC96 /* MapViewController.swift */ = {isa = PBXFileReference; lastKnownFileType = sourcecode.swift; path = MapViewController.swift; sourceTree = "<group>"; };
		30070D082396B8460095CC96 /* Base */ = {isa = PBXFileReference; lastKnownFileType = file.storyboard; name = Base; path = Base.lproj/Main.storyboard; sourceTree = "<group>"; };
		30070D0B2396B8460095CC96 /* Virtual_Tourist.xcdatamodel */ = {isa = PBXFileReference; lastKnownFileType = wrapper.xcdatamodel; path = Virtual_Tourist.xcdatamodel; sourceTree = "<group>"; };
		30070D0D2396B8480095CC96 /* Assets.xcassets */ = {isa = PBXFileReference; lastKnownFileType = folder.assetcatalog; path = Assets.xcassets; sourceTree = "<group>"; };
		30070D102396B8480095CC96 /* Base */ = {isa = PBXFileReference; lastKnownFileType = file.storyboard; name = Base; path = Base.lproj/LaunchScreen.storyboard; sourceTree = "<group>"; };
		30070D122396B8480095CC96 /* Info.plist */ = {isa = PBXFileReference; lastKnownFileType = text.plist.xml; path = Info.plist; sourceTree = "<group>"; };
		30A33DD723B85044002FF413 /* extension.swift */ = {isa = PBXFileReference; lastKnownFileType = sourcecode.swift; path = extension.swift; sourceTree = "<group>"; };
		30D8FF9F239E68D500FD4846 /* ShowPhotosViewController.swift */ = {isa = PBXFileReference; lastKnownFileType = sourcecode.swift; path = ShowPhotosViewController.swift; sourceTree = "<group>"; };
		30D8FFA123A03FFA00FD4846 /* Api.swift */ = {isa = PBXFileReference; lastKnownFileType = sourcecode.swift; path = Api.swift; sourceTree = "<group>"; };
		30D8FFA323A0404800FD4846 /* PhotoResponse.swift */ = {isa = PBXFileReference; lastKnownFileType = sourcecode.swift; path = PhotoResponse.swift; sourceTree = "<group>"; };
		30D8FFA923A0432E00FD4846 /* ImageCollectionViewCell.swift */ = {isa = PBXFileReference; lastKnownFileType = sourcecode.swift; path = ImageCollectionViewCell.swift; sourceTree = "<group>"; };
/* End PBXFileReference section */

/* Begin PBXFrameworksBuildPhase section */
		30070CFB2396B8460095CC96 /* Frameworks */ = {
			isa = PBXFrameworksBuildPhase;
			buildActionMask = 2147483647;
			files = (
			);
			runOnlyForDeploymentPostprocessing = 0;
		};
/* End PBXFrameworksBuildPhase section */

/* Begin PBXGroup section */
		30070CF52396B8460095CC96 = {
			isa = PBXGroup;
			children = (
				30070D002396B8460095CC96 /* Virtual Tourist */,
				30070CFF2396B8460095CC96 /* Products */,
			);
			sourceTree = "<group>";
		};
		30070CFF2396B8460095CC96 /* Products */ = {
			isa = PBXGroup;
			children = (
				30070CFE2396B8460095CC96 /* Virtual Tourist.app */,
			);
			name = Products;
			sourceTree = "<group>";
		};
		30070D002396B8460095CC96 /* Virtual Tourist */ = {
			isa = PBXGroup;
			children = (
				30C5F44E23AAF06A003CDC83 /* Cell */,
				30C5F44D23AAEFF9003CDC83 /* Views */,
				30C5F44C23AAEFCE003CDC83 /* StoryBoards */,
				30C5F44B23AAEFAE003CDC83 /* Network */,
				30C5F44A23AAEF80003CDC83 /* Resources */,
				30C5F44923AAEF59003CDC83 /* model */,
				30C5F44823AAEF24003CDC83 /* controller */,
				30070D122396B8480095CC96 /* Info.plist */,
				30A33DD723B85044002FF413 /* extension.swift */,
			);
			path = "Virtual Tourist";
			sourceTree = "<group>";
		};
		30C5F44823AAEF24003CDC83 /* controller */ = {
			isa = PBXGroup;
			children = (
				30070D052396B8460095CC96 /* MapViewController.swift */,
				30D8FF9F239E68D500FD4846 /* ShowPhotosViewController.swift */,
			);
			path = controller;
			sourceTree = "<group>";
		};
		30C5F44923AAEF59003CDC83 /* model */ = {
			isa = PBXGroup;
			children = (
				30070D0A2396B8460095CC96 /* Virtual_Tourist.xcdatamodeld */,
				30D8FFA323A0404800FD4846 /* PhotoResponse.swift */,
			);
			path = model;
			sourceTree = "<group>";
		};
		30C5F44A23AAEF80003CDC83 /* Resources */ = {
			isa = PBXGroup;
			children = (
				30070D0D2396B8480095CC96 /* Assets.xcassets */,
			);
			path = Resources;
			sourceTree = "<group>";
		};
		30C5F44B23AAEFAE003CDC83 /* Network */ = {
			isa = PBXGroup;
			children = (
				30D8FFA123A03FFA00FD4846 /* Api.swift */,
			);
			path = Network;
			sourceTree = "<group>";
		};
		30C5F44C23AAEFCE003CDC83 /* StoryBoards */ = {
			isa = PBXGroup;
			children = (
				30070D072396B8460095CC96 /* Main.storyboard */,
				30070D0F2396B8480095CC96 /* LaunchScreen.storyboard */,
			);
			path = StoryBoards;
			sourceTree = "<group>";
		};
		30C5F44D23AAEFF9003CDC83 /* Views */ = {
			isa = PBXGroup;
			children = (
				30070D012396B8460095CC96 /* AppDelegate.swift */,
				30070D032396B8460095CC96 /* SceneDelegate.swift */,
			);
			path = Views;
			sourceTree = "<group>";
		};
		30C5F44E23AAF06A003CDC83 /* Cell */ = {
			isa = PBXGroup;
			children = (
				30D8FFA923A0432E00FD4846 /* ImageCollectionViewCell.swift */,
			);
			path = Cell;
			sourceTree = "<group>";
		};
/* End PBXGroup section */

/* Begin PBXNativeTarget section */
		30070CFD2396B8460095CC96 /* Virtual Tourist */ = {
			isa = PBXNativeTarget;
			buildConfigurationList = 30070D152396B8480095CC96 /* Build configuration list for PBXNativeTarget "Virtual Tourist" */;
			buildPhases = (
				30070CFA2396B8460095CC96 /* Sources */,
				30070CFB2396B8460095CC96 /* Frameworks */,
				30070CFC2396B8460095CC96 /* Resources */,
			);
			buildRules = (
			);
			dependencies = (
			);
			name = "Virtual Tourist";
			productName = "Virtual Tourist";
			productReference = 30070CFE2396B8460095CC96 /* Virtual Tourist.app */;
			productType = "com.apple.product-type.application";
		};
/* End PBXNativeTarget section */

/* Begin PBXProject section */
		30070CF62396B8460095CC96 /* Project object */ = {
			isa = PBXProject;
			attributes = {
				LastSwiftUpdateCheck = 1120;
				LastUpgradeCheck = 1120;
				ORGANIZATIONNAME = "-";
				TargetAttributes = {
					30070CFD2396B8460095CC96 = {
						CreatedOnToolsVersion = 11.2;
					};
				};
			};
			buildConfigurationList = 30070CF92396B8460095CC96 /* Build configuration list for PBXProject "Virtual Tourist" */;
			compatibilityVersion = "Xcode 9.3";
			developmentRegion = en;
			hasScannedForEncodings = 0;
			knownRegions = (
				en,
				Base,
			);
			mainGroup = 30070CF52396B8460095CC96;
			productRefGroup = 30070CFF2396B8460095CC96 /* Products */;
			projectDirPath = "";
			projectRoot = "";
			targets = (
				30070CFD2396B8460095CC96 /* Virtual Tourist */,
			);
		};
/* End PBXProject section */

/* Begin PBXResourcesBuildPhase section */
		30070CFC2396B8460095CC96 /* Resources */ = {
			isa = PBXResourcesBuildPhase;
			buildActionMask = 2147483647;
			files = (
				30070D112396B8480095CC96 /* LaunchScreen.storyboard in Resources */,
				30070D0E2396B8480095CC96 /* Assets.xcassets in Resources */,
				30070D092396B8460095CC96 /* Main.storyboard in Resources */,
			);
			runOnlyForDeploymentPostprocessing = 0;
		};
/* End PBXResourcesBuildPhase section */

/* Begin PBXSourcesBuildPhase section */
		30070CFA2396B8460095CC96 /* Sources */ = {
			isa = PBXSourcesBuildPhase;
			buildActionMask = 2147483647;
			files = (
				30D8FFA423A0404800FD4846 /* PhotoResponse.swift in Sources */,
				30070D0C2396B8460095CC96 /* Virtual_Tourist.xcdatamodeld in Sources */,
				30D8FFA0239E68D500FD4846 /* ShowPhotosViewController.swift in Sources */,
				30A33DD823B85044002FF413 /* extension.swift in Sources */,
				30070D062396B8460095CC96 /* MapViewController.swift in Sources */,
				30D8FFAA23A0432E00FD4846 /* ImageCollectionViewCell.swift in Sources */,
				30070D022396B8460095CC96 /* AppDelegate.swift in Sources */,
				30D8FFA223A03FFA00FD4846 /* Api.swift in Sources */,
				30070D042396B8460095CC96 /* SceneDelegate.swift in Sources */,
			);
			runOnlyForDeploymentPostprocessing = 0;
		};
/* End PBXSourcesBuildPhase section */

/* Begin PBXVariantGroup section */
		30070D072396B8460095CC96 /* Main.storyboard */ = {
			isa = PBXVariantGroup;
			children = (
				30070D082396B8460095CC96 /* Base */,
			);
			name = Main.storyboard;
			sourceTree = "<group>";
		};
		30070D0F2396B8480095CC96 /* LaunchScreen.storyboard */ = {
			isa = PBXVariantGroup;
			children = (
				30070D102396B8480095CC96 /* Base */,
			);
			name = LaunchScreen.storyboard;
			sourceTree = "<group>";
		};
/* End PBXVariantGroup section */

/* Begin XCBuildConfiguration section */
		30070D132396B8480095CC96 /* Debug */ = {
			isa = XCBuildConfiguration;
			buildSettings = {
				ALWAYS_SEARCH_USER_PATHS = NO;
				CLANG_ANALYZER_NONNULL = YES;
				CLANG_ANALYZER_NUMBER_OBJECT_CONVERSION = YES_AGGRESSIVE;
				CLANG_CXX_LANGUAGE_STANDARD = "gnu++14";
				CLANG_CXX_LIBRARY = "libc++";
				CLANG_ENABLE_MODULES = YES;
				CLANG_ENABLE_OBJC_ARC = YES;
				CLANG_ENABLE_OBJC_WEAK = YES;
				CLANG_WARN_BLOCK_CAPTURE_AUTORELEASING = YES;
				CLANG_WARN_BOOL_CONVERSION = YES;
				CLANG_WARN_COMMA = YES;
				CLANG_WARN_CONSTANT_CONVERSION = YES;
				CLANG_WARN_DEPRECATED_OBJC_IMPLEMENTATIONS = YES;
				CLANG_WARN_DIRECT_OBJC_ISA_USAGE = YES_ERROR;
				CLANG_WARN_DOCUMENTATION_COMMENTS = YES;
				CLANG_WARN_EMPTY_BODY = YES;
				CLANG_WARN_ENUM_CONVERSION = YES;
				CLANG_WARN_INFINITE_RECURSION = YES;
				CLANG_WARN_INT_CONVERSION = YES;
				CLANG_WARN_NON_LITERAL_NULL_CONVERSION = YES;
				CLANG_WARN_OBJC_IMPLICIT_RETAIN_SELF = YES;
				CLANG_WARN_OBJC_LITERAL_CONVERSION = YES;
				CLANG_WARN_OBJC_ROOT_CLASS = YES_ERROR;
				CLANG_WARN_RANGE_LOOP_ANALYSIS = YES;
				CLANG_WARN_STRICT_PROTOTYPES = YES;
				CLANG_WARN_SUSPICIOUS_MOVE = YES;
				CLANG_WARN_UNGUARDED_AVAILABILITY = YES_AGGRESSIVE;
				CLANG_WARN_UNREACHABLE_CODE = YES;
				CLANG_WARN__DUPLICATE_METHOD_MATCH = YES;
				COPY_PHASE_STRIP = NO;
				DEBUG_INFORMATION_FORMAT = dwarf;
				ENABLE_STRICT_OBJC_MSGSEND = YES;
				ENABLE_TESTABILITY = YES;
				GCC_C_LANGUAGE_STANDARD = gnu11;
				GCC_DYNAMIC_NO_PIC = NO;
				GCC_NO_COMMON_BLOCKS = YES;
				GCC_OPTIMIZATION_LEVEL = 0;
				GCC_PREPROCESSOR_DEFINITIONS = (
					"DEBUG=1",
					"$(inherited)",
				);
				GCC_WARN_64_TO_32_BIT_CONVERSION = YES;
				GCC_WARN_ABOUT_RETURN_TYPE = YES_ERROR;
				GCC_WARN_UNDECLARED_SELECTOR = YES;
				GCC_WARN_UNINITIALIZED_AUTOS = YES_AGGRESSIVE;
				GCC_WARN_UNUSED_FUNCTION = YES;
				GCC_WARN_UNUSED_VARIABLE = YES;
				IPHONEOS_DEPLOYMENT_TARGET = 13.2;
				MTL_ENABLE_DEBUG_INFO = INCLUDE_SOURCE;
				MTL_FAST_MATH = YES;
				ONLY_ACTIVE_ARCH = YES;
				SDKROOT = iphoneos;
				SWIFT_ACTIVE_COMPILATION_CONDITIONS = DEBUG;
				SWIFT_OPTIMIZATION_LEVEL = "-Onone";
			};
			name = Debug;
		};
		30070D142396B8480095CC96 /* Release */ = {
			isa = XCBuildConfiguration;
			buildSettings = {
				ALWAYS_SEARCH_USER_PATHS = NO;
				CLANG_ANALYZER_NONNULL = YES;
				CLANG_ANALYZER_NUMBER_OBJECT_CONVERSION = YES_AGGRESSIVE;
				CLANG_CXX_LANGUAGE_STANDARD = "gnu++14";
				CLANG_CXX_LIBRARY = "libc++";
				CLANG_ENABLE_MODULES = YES;
				CLANG_ENABLE_OBJC_ARC = YES;
				CLANG_ENABLE_OBJC_WEAK = YES;
				CLANG_WARN_BLOCK_CAPTURE_AUTORELEASING = YES;
				CLANG_WARN_BOOL_CONVERSION = YES;
				CLANG_WARN_COMMA = YES;
				CLANG_WARN_CONSTANT_CONVERSION = YES;
				CLANG_WARN_DEPRECATED_OBJC_IMPLEMENTATIONS = YES;
				CLANG_WARN_DIRECT_OBJC_ISA_USAGE = YES_ERROR;
				CLANG_WARN_DOCUMENTATION_COMMENTS = YES;
				CLANG_WARN_EMPTY_BODY = YES;
				CLANG_WARN_ENUM_CONVERSION = YES;
				CLANG_WARN_INFINITE_RECURSION = YES;
				CLANG_WARN_INT_CONVERSION = YES;
				CLANG_WARN_NON_LITERAL_NULL_CONVERSION = YES;
				CLANG_WARN_OBJC_IMPLICIT_RETAIN_SELF = YES;
				CLANG_WARN_OBJC_LITERAL_CONVERSION = YES;
				CLANG_WARN_OBJC_ROOT_CLASS = YES_ERROR;
				CLANG_WARN_RANGE_LOOP_ANALYSIS = YES;
				CLANG_WARN_STRICT_PROTOTYPES = YES;
				CLANG_WARN_SUSPICIOUS_MOVE = YES;
				CLANG_WARN_UNGUARDED_AVAILABILITY = YES_AGGRESSIVE;
				CLANG_WARN_UNREACHABLE_CODE = YES;
				CLANG_WARN__DUPLICATE_METHOD_MATCH = YES;
				COPY_PHASE_STRIP = NO;
				DEBUG_INFORMATION_FORMAT = "dwarf-with-dsym";
				ENABLE_NS_ASSERTIONS = NO;
				ENABLE_STRICT_OBJC_MSGSEND = YES;
				GCC_C_LANGUAGE_STANDARD = gnu11;
				GCC_NO_COMMON_BLOCKS = YES;
				GCC_WARN_64_TO_32_BIT_CONVERSION = YES;
				GCC_WARN_ABOUT_RETURN_TYPE = YES_ERROR;
				GCC_WARN_UNDECLARED_SELECTOR = YES;
				GCC_WARN_UNINITIALIZED_AUTOS = YES_AGGRESSIVE;
				GCC_WARN_UNUSED_FUNCTION = YES;
				GCC_WARN_UNUSED_VARIABLE = YES;
				IPHONEOS_DEPLOYMENT_TARGET = 13.2;
				MTL_ENABLE_DEBUG_INFO = NO;
				MTL_FAST_MATH = YES;
				SDKROOT = iphoneos;
				SWIFT_COMPILATION_MODE = wholemodule;
				SWIFT_OPTIMIZATION_LEVEL = "-O";
				VALIDATE_PRODUCT = YES;
			};
			name = Release;
		};
		30070D162396B8480095CC96 /* Debug */ = {
			isa = XCBuildConfiguration;
			buildSettings = {
				ASSETCATALOG_COMPILER_APPICON_NAME = AppIcon;
				CODE_SIGN_STYLE = Automatic;
				DEVELOPMENT_TEAM = 4NYHGDBZ35;
				INFOPLIST_FILE = "Virtual Tourist/Info.plist";
				LD_RUNPATH_SEARCH_PATHS = (
					"$(inherited)",
					"@executable_path/Frameworks",
				);
				PRODUCT_BUNDLE_IDENTIFIER = "-.Virtual-Tourist";
				PRODUCT_NAME = "$(TARGET_NAME)";
				SWIFT_VERSION = 5.0;
				TARGETED_DEVICE_FAMILY = "1,2";
			};
			name = Debug;
		};
		30070D172396B8480095CC96 /* Release */ = {
			isa = XCBuildConfiguration;
			buildSettings = {
				ASSETCATALOG_COMPILER_APPICON_NAME = AppIcon;
				CODE_SIGN_STYLE = Automatic;
				DEVELOPMENT_TEAM = 4NYHGDBZ35;
				INFOPLIST_FILE = "Virtual Tourist/Info.plist";
				LD_RUNPATH_SEARCH_PATHS = (
					"$(inherited)",
					"@executable_path/Frameworks",
				);
				PRODUCT_BUNDLE_IDENTIFIER = "-.Virtual-Tourist";
				PRODUCT_NAME = "$(TARGET_NAME)";
				SWIFT_VERSION = 5.0;
				TARGETED_DEVICE_FAMILY = "1,2";
			};
			name = Release;
		};
/* End XCBuildConfiguration section */

/* Begin XCConfigurationList section */
		30070CF92396B8460095CC96 /* Build configuration list for PBXProject "Virtual Tourist" */ = {
			isa = XCConfigurationList;
			buildConfigurations = (
				30070D132396B8480095CC96 /* Debug */,
				30070D142396B8480095CC96 /* Release */,
			);
			defaultConfigurationIsVisible = 0;
			defaultConfigurationName = Release;
		};
		30070D152396B8480095CC96 /* Build configuration list for PBXNativeTarget "Virtual Tourist" */ = {
			isa = XCConfigurationList;
			buildConfigurations = (
				30070D162396B8480095CC96 /* Debug */,
				30070D172396B8480095CC96 /* Release */,
			);
			defaultConfigurationIsVisible = 0;
			defaultConfigurationName = Release;
		};
/* End XCConfigurationList section */

/* Begin XCVersionGroup section */
		30070D0A2396B8460095CC96 /* Virtual_Tourist.xcdatamodeld */ = {
			isa = XCVersionGroup;
			children = (
				30070D0B2396B8460095CC96 /* Virtual_Tourist.xcdatamodel */,
			);
			currentVersion = 30070D0B2396B8460095CC96 /* Virtual_Tourist.xcdatamodel */;
			path = Virtual_Tourist.xcdatamodeld;
			sourceTree = "<group>";
			versionGroupType = wrapper.xcdatamodel;
		};
/* End XCVersionGroup section */
	};
	rootObject = 30070CF62396B8460095CC96 /* Project object */;
}
